
Microsoft Visual Studio Solution File, Format Version 12.00
# Visual Studio Version 17
VisualStudioVersion = 17.3.32901.215
MinimumVisualStudioVersion = 10.0.40219.1
Project("{9A19103F-16F7-4668-BE54-9A1E7A4F7556}") = "CalculationResultViewer", "CalculationResultViewer\CalculationResultViewer.csproj", "{EB816282-3539-4D84-8C05-FF90AE9493D8}"
EndProject
Project("{54435603-DBB4-11D2-8724-00A0C9A8B90C}") = "TestTaskSetup", "TestTaskSetup\TestTaskSetup.vdproj", "{A29D0CB2-8242-4039-982C-F55B19C96355}"
EndProject
Global
	GlobalSection(SolutionConfigurationPlatforms) = preSolution
		Debug|Any CPU = Debug|Any CPU
		Debug|x86 = Debug|x86
		Release|Any CPU = Release|Any CPU
		Release|x86 = Release|x86
	EndGlobalSection
	GlobalSection(ProjectConfigurationPlatforms) = postSolution
		{EB816282-3539-4D84-8C05-FF90AE9493D8}.Debug|Any CPU.ActiveCfg = Debug|Any CPU
		{EB816282-3539-4D84-8C05-FF90AE9493D8}.Debug|Any CPU.Build.0 = Debug|Any CPU
		{EB816282-3539-4D84-8C05-FF90AE9493D8}.Debug|x86.ActiveCfg = Debug|Any CPU
		{EB816282-3539-4D84-8C05-FF90AE9493D8}.Debug|x86.Build.0 = Debug|Any CPU
		{EB816282-3539-4D84-8C05-FF90AE9493D8}.Release|Any CPU.ActiveCfg = Release|Any CPU
		{EB816282-3539-4D84-8C05-FF90AE9493D8}.Release|Any CPU.Build.0 = Release|Any CPU
		{EB816282-3539-4D84-8C05-FF90AE9493D8}.Release|x86.ActiveCfg = Release|Any CPU
		{EB816282-3539-4D84-8C05-FF90AE9493D8}.Release|x86.Build.0 = Release|Any CPU
		{A29D0CB2-8242-4039-982C-F55B19C96355}.Debug|Any CPU.ActiveCfg = Debug
		{A29D0CB2-8242-4039-982C-F55B19C96355}.Debug|x86.ActiveCfg = Debug
		{A29D0CB2-8242-4039-982C-F55B19C96355}.Release|Any CPU.ActiveCfg = Release
		{A29D0CB2-8242-4039-982C-F55B19C96355}.Release|x86.ActiveCfg = Release
	EndGlobalSection
	GlobalSection(SolutionProperties) = preSolution
		HideSolutionNode = FALSE
	EndGlobalSection
	GlobalSection(ExtensibilityGlobals) = postSolution
		SolutionGuid = {9EA79FA5-9BF0-4487-BBCA-715711128EB8}
	EndGlobalSection
EndGlobal
